
Microsoft Visual Studio Solution File, Format Version 12.00
# Visual Studio Version 16
VisualStudioVersion = 16.0.32106.194
MinimumVisualStudioVersion = 10.0.40219.1
Project("{FAE04EC0-301F-11D3-BF4B-00C04F79EFBC}") = "test-aspose", "test-aspose\test-aspose.csproj", "{C666D5B4-466D-47A0-9D64-97F62EFC7698}"
EndProject
Project("{FAE04EC0-301F-11D3-BF4B-00C04F79EFBC}") = "test-aspose-tests", "test-aspose-tests\test-aspose-tests.csproj", "{7CC7A7DE-29ED-41B9-8725-FB500655CA1F}"
EndProject
Global
	GlobalSection(SolutionConfigurationPlatforms) = preSolution
		Debug|Any CPU = Debug|Any CPU
		Release|Any CPU = Release|Any CPU
	EndGlobalSection
	GlobalSection(ProjectConfigurationPlatforms) = postSolution
		{C666D5B4-466D-47A0-9D64-97F62EFC7698}.Debug|Any CPU.ActiveCfg = Debug|Any CPU
		{C666D5B4-466D-47A0-9D64-97F62EFC7698}.Debug|Any CPU.Build.0 = Debug|Any CPU
		{C666D5B4-466D-47A0-9D64-97F62EFC7698}.Release|Any CPU.ActiveCfg = Release|Any CPU
		{C666D5B4-466D-47A0-9D64-97F62EFC7698}.Release|Any CPU.Build.0 = Release|Any CPU
		{7CC7A7DE-29ED-41B9-8725-FB500655CA1F}.Debug|Any CPU.ActiveCfg = Debug|Any CPU
		{7CC7A7DE-29ED-41B9-8725-FB500655CA1F}.Debug|Any CPU.Build.0 = Debug|Any CPU
		{7CC7A7DE-29ED-41B9-8725-FB500655CA1F}.Release|Any CPU.ActiveCfg = Release|Any CPU
		{7CC7A7DE-29ED-41B9-8725-FB500655CA1F}.Release|Any CPU.Build.0 = Release|Any CPU
	EndGlobalSection
	GlobalSection(SolutionProperties) = preSolution
		HideSolutionNode = FALSE
	EndGlobalSection
	GlobalSection(ExtensibilityGlobals) = postSolution
		SolutionGuid = {55EEA14C-12BC-4402-869D-D2509A559988}
	EndGlobalSection
EndGlobal
